{
  "version": "5",
  "specifiers": {
    "jsr:@hono/hono@^4.11.1": "4.11.1",
    "jsr:@std/assert@1": "1.0.16",
    "jsr:@std/internal@^1.0.12": "1.0.12",
    "npm:@openrouter/sdk@~0.2.11": "0.2.11",
    "npm:nanoid@^5.1.6": "5.1.6"
  },
  "jsr": {
    "@hono/hono@4.11.1": {
      "integrity": "28bb28c7322a1379e7132af05ef76aef09f86bb8cdd7077c67e004dea288ac0d"
    },
    "@std/assert@1.0.16": {
      "integrity": "6a7272ed1eaa77defe76e5ff63ca705d9c495077e2d5fd0126d2b53fc5bd6532",
      "dependencies": [
        "jsr:@std/internal"
      ]
    },
    "@std/internal@1.0.12": {
      "integrity": "972a634fd5bc34b242024402972cd5143eac68d8dffaca5eaa4dba30ce17b027"
    }
  },
  "npm": {
    "@openrouter/sdk@0.2.11": {
      "integrity": "sha512-W6ji4J2O08RUkDmCBqDgiHkoH5ARb4xBZL/xTM98cDzes2iLBuGaF3z2PXMCC27UYTas2pyz+nn62iXjO+yQvg==",
      "dependencies": [
        "zod"
      ]
    },
    "nanoid@5.1.6": {
      "integrity": "sha512-c7+7RQ+dMB5dPwwCp4ee1/iV/q2P6aK1mTZcfr1BTuVlyW9hJYiMPybJCcnBlQtuSmTIWNeazm/zqNoZSSElBg==",
      "bin": true
    },
    "zod@3.25.76": {
      "integrity": "sha512-gzUt/qt81nXsFGKIFcC3YnfEAx5NkunCfnDlvuBSSFS02bcXu4Lmea0AFIUwbLWxWPx3d9p8S5QoaujKcNQxcQ=="
    }
  },
  "workspace": {
    "dependencies": [
      "jsr:@hono/hono@^4.11.1",
      "jsr:@std/assert@1",
      "npm:@openrouter/sdk@~0.2.11",
      "npm:nanoid@^5.1.6"
    ]
  }
}
